
Microsoft Visual Studio Solution File, Format Version 12.00
# Visual Studio Version 17
VisualStudioVersion = 17.0.32014.148
MinimumVisualStudioVersion = 10.0.40219.1
Project("{9A19103F-16F7-4668-BE54-9A1E7A4F7556}") = "MainCalculator", "WpfApp2\MainCalculator.csproj", "{26BEA6A7-4775-4966-9C64-7F6CC6A575B1}"
EndProject
Project("{9A19103F-16F7-4668-BE54-9A1E7A4F7556}") = "CalculatorWPFLibrery", "CalculatorWPFLibrery\CalculatorWPFLibrery.csproj", "{13624B37-E275-4EAD-BA7B-83FCA1A7ED27}"
EndProject
Global
	GlobalSection(SolutionConfigurationPlatforms) = preSolution
		Debug|Any CPU = Debug|Any CPU
		Release|Any CPU = Release|Any CPU
	EndGlobalSection
	GlobalSection(ProjectConfigurationPlatforms) = postSolution
		{26BEA6A7-4775-4966-9C64-7F6CC6A575B1}.Debug|Any CPU.ActiveCfg = Debug|Any CPU
		{26BEA6A7-4775-4966-9C64-7F6CC6A575B1}.Debug|Any CPU.Build.0 = Debug|Any CPU
		{26BEA6A7-4775-4966-9C64-7F6CC6A575B1}.Release|Any CPU.ActiveCfg = Release|Any CPU
		{26BEA6A7-4775-4966-9C64-7F6CC6A575B1}.Release|Any CPU.Build.0 = Release|Any CPU
		{13624B37-E275-4EAD-BA7B-83FCA1A7ED27}.Debug|Any CPU.ActiveCfg = Debug|Any CPU
		{13624B37-E275-4EAD-BA7B-83FCA1A7ED27}.Debug|Any CPU.Build.0 = Debug|Any CPU
		{13624B37-E275-4EAD-BA7B-83FCA1A7ED27}.Release|Any CPU.ActiveCfg = Release|Any CPU
		{13624B37-E275-4EAD-BA7B-83FCA1A7ED27}.Release|Any CPU.Build.0 = Release|Any CPU
	EndGlobalSection
	GlobalSection(SolutionProperties) = preSolution
		HideSolutionNode = FALSE
	EndGlobalSection
	GlobalSection(ExtensibilityGlobals) = postSolution
		SolutionGuid = {D8F9B082-B18E-4A95-8BFC-B4703287056E}
	EndGlobalSection
EndGlobal
